
Microsoft Visual Studio Solution File, Format Version 12.00
# Visual Studio Version 16
VisualStudioVersion = 16.0.30406.217
MinimumVisualStudioVersion = 10.0.40219.1
Project("{FAE04EC0-301F-11D3-BF4B-00C04F79EFBC}") = "CreatorCms.Core", "CreatorCms.Core\CreatorCms.Core.csproj", "{BF7DA77A-0E93-444E-B800-FB4D619B8893}"
EndProject
Project("{E24C65DC-7377-472B-9ABA-BC803B73C61A}") = "Tanman.Umbraco", "Tanman.Umbraco\", "{6D72CA93-63E3-4428-A6A6-E5F4D31C5A12}"
	ProjectSection(WebsiteProperties) = preProject
		TargetFrameworkMoniker = ".NETFramework,Version%3Dv4.7.2"
		ProjectReferences = "{bf7da77a-0e93-444e-b800-fb4d619b8893}|CreatorCms.Core.dll;"
		Debug.AspNetCompiler.VirtualPath = "/localhost_5924"
		Debug.AspNetCompiler.PhysicalPath = "Tanman.Umbraco\"
		Debug.AspNetCompiler.TargetPath = "PrecompiledWeb\localhost_5924\"
		Debug.AspNetCompiler.Updateable = "true"
		Debug.AspNetCompiler.ForceOverwrite = "true"
		Debug.AspNetCompiler.FixedNames = "false"
		Debug.AspNetCompiler.Debug = "True"
		Release.AspNetCompiler.VirtualPath = "/localhost_5924"
		Release.AspNetCompiler.PhysicalPath = "Tanman.Umbraco\"
		Release.AspNetCompiler.TargetPath = "PrecompiledWeb\localhost_5924\"
		Release.AspNetCompiler.Updateable = "true"
		Release.AspNetCompiler.ForceOverwrite = "true"
		Release.AspNetCompiler.FixedNames = "false"
		Release.AspNetCompiler.Debug = "False"
		VWDPort = "5924"
		SlnRelativePath = "Tanman.Umbraco\"
	EndProjectSection
EndProject
Project("{2150E333-8FDC-42A3-9474-1A3956D46DE8}") = "Solution Items", "Solution Items", "{D958E99E-8FBE-4C3C-A340-44C2667BDF3F}"
	ProjectSection(SolutionItems) = preProject
		.gitignore = .gitignore
		Readme.md = Readme.md
	EndProjectSection
EndProject
Project("{FAE04EC0-301F-11D3-BF4B-00C04F79EFBC}") = "CreatorCms.Test", "CreatorCms.Test\CreatorCms.Test.csproj", "{617631BC-B3B8-49F8-B5A9-742D7DE73128}"
EndProject
Global
	GlobalSection(SolutionConfigurationPlatforms) = preSolution
		Debug|Any CPU = Debug|Any CPU
		Release|Any CPU = Release|Any CPU
	EndGlobalSection
	GlobalSection(ProjectConfigurationPlatforms) = postSolution
		{BF7DA77A-0E93-444E-B800-FB4D619B8893}.Debug|Any CPU.ActiveCfg = Debug|Any CPU
		{BF7DA77A-0E93-444E-B800-FB4D619B8893}.Debug|Any CPU.Build.0 = Debug|Any CPU
		{BF7DA77A-0E93-444E-B800-FB4D619B8893}.Release|Any CPU.ActiveCfg = Release|Any CPU
		{BF7DA77A-0E93-444E-B800-FB4D619B8893}.Release|Any CPU.Build.0 = Release|Any CPU
		{6D72CA93-63E3-4428-A6A6-E5F4D31C5A12}.Debug|Any CPU.ActiveCfg = Debug|Any CPU
		{6D72CA93-63E3-4428-A6A6-E5F4D31C5A12}.Debug|Any CPU.Build.0 = Debug|Any CPU
		{6D72CA93-63E3-4428-A6A6-E5F4D31C5A12}.Release|Any CPU.ActiveCfg = Debug|Any CPU
		{6D72CA93-63E3-4428-A6A6-E5F4D31C5A12}.Release|Any CPU.Build.0 = Debug|Any CPU
		{617631BC-B3B8-49F8-B5A9-742D7DE73128}.Debug|Any CPU.ActiveCfg = Debug|Any CPU
		{617631BC-B3B8-49F8-B5A9-742D7DE73128}.Debug|Any CPU.Build.0 = Debug|Any CPU
		{617631BC-B3B8-49F8-B5A9-742D7DE73128}.Release|Any CPU.ActiveCfg = Release|Any CPU
		{617631BC-B3B8-49F8-B5A9-742D7DE73128}.Release|Any CPU.Build.0 = Release|Any CPU
	EndGlobalSection
	GlobalSection(SolutionProperties) = preSolution
		HideSolutionNode = FALSE
	EndGlobalSection
	GlobalSection(ExtensibilityGlobals) = postSolution
		SolutionGuid = {45ADA82A-8727-464A-9AD6-04E2AA82A15D}
	EndGlobalSection
EndGlobal
